
Microsoft Visual Studio Solution File, Format Version 9.00
# Visual Studio 2005
Project("{FAE04EC0-301F-11D3-BF4B-00C04F79EFBC}") = "HookTest", "HookTest\HookTest.csproj", "{B92EC42D-7927-4CC7-9025-6D9CBC5FF598}"
EndProject
Global
	GlobalSection(SolutionConfigurationPlatforms) = preSolution
		Debug|Any CPU = Debug|Any CPU
		Release|Any CPU = Release|Any CPU
	EndGlobalSection
	GlobalSection(ProjectConfigurationPlatforms) = postSolution
		{B92EC42D-7927-4CC7-9025-6D9CBC5FF598}.Debug|Any CPU.ActiveCfg = Debug|Any CPU
		{B92EC42D-7927-4CC7-9025-6D9CBC5FF598}.Debug|Any CPU.Build.0 = Debug|Any CPU
		{B92EC42D-7927-4CC7-9025-6D9CBC5FF598}.Release|Any CPU.ActiveCfg = Release|Any CPU
		{B92EC42D-7927-4CC7-9025-6D9CBC5FF598}.Release|Any CPU.Build.0 = Release|Any CPU
	EndGlobalSection
	GlobalSection(SolutionProperties) = preSolution
		HideSolutionNode = FALSE
	EndGlobalSection
EndGlobal
